{
  "requires": true,
  "lockfileVersion": 1,
  "dependencies": {
    "medium-editor": {
      "version": "5.23.3",
      "resolved": "https://registry.npmjs.org/medium-editor/-/medium-editor-5.23.3.tgz",
      "integrity": "sha512-he9/TdjX8f8MGdXGfCs8AllrYnqXJJvjNkDKmPg3aPW/uoIrlRqtkFthrwvmd+u4QyzEiadhCCM0EwTiRdUCJw=="
    },
    "medium-editor-autolist": {
      "version": "1.0.1",
      "resolved": "https://registry.npmjs.org/medium-editor-autolist/-/medium-editor-autolist-1.0.1.tgz",
      "integrity": "sha1-K+QPb3To9LX6fosnTj9QXCrqfN0=",
      "requires": {
        "medium-editor": "5.23.3"
      }
    }
  }
}
